
Microsoft Visual Studio Solution File, Format Version 12.00
# Visual Studio 15
VisualStudioVersion = 15.0.27428.2015
MinimumVisualStudioVersion = 10.0.40219.1
Project("{FAE04EC0-301F-11D3-BF4B-00C04F79EFBC}") = "App12.Android", "App12\App12.Android\App12.Android.csproj", "{7F74AD80-327A-4868-86E6-F96E3665518E}"
EndProject
Project("{FAE04EC0-301F-11D3-BF4B-00C04F79EFBC}") = "App12", "App12\App12\App12.csproj", "{5F7BDF92-FF2C-451C-9729-5C0AF57CADEE}"
EndProject
Global
	GlobalSection(SolutionConfigurationPlatforms) = preSolution
		Debug|Any CPU = Debug|Any CPU
		Release|Any CPU = Release|Any CPU
	EndGlobalSection
	GlobalSection(ProjectConfigurationPlatforms) = postSolution
		{7F74AD80-327A-4868-86E6-F96E3665518E}.Debug|Any CPU.ActiveCfg = Debug|Any CPU
		{7F74AD80-327A-4868-86E6-F96E3665518E}.Debug|Any CPU.Build.0 = Debug|Any CPU
		{7F74AD80-327A-4868-86E6-F96E3665518E}.Debug|Any CPU.Deploy.0 = Debug|Any CPU
		{7F74AD80-327A-4868-86E6-F96E3665518E}.Release|Any CPU.ActiveCfg = Release|Any CPU
		{7F74AD80-327A-4868-86E6-F96E3665518E}.Release|Any CPU.Build.0 = Release|Any CPU
		{7F74AD80-327A-4868-86E6-F96E3665518E}.Release|Any CPU.Deploy.0 = Release|Any CPU
		{5F7BDF92-FF2C-451C-9729-5C0AF57CADEE}.Debug|Any CPU.ActiveCfg = Debug|Any CPU
		{5F7BDF92-FF2C-451C-9729-5C0AF57CADEE}.Debug|Any CPU.Build.0 = Debug|Any CPU
		{5F7BDF92-FF2C-451C-9729-5C0AF57CADEE}.Release|Any CPU.ActiveCfg = Release|Any CPU
		{5F7BDF92-FF2C-451C-9729-5C0AF57CADEE}.Release|Any CPU.Build.0 = Release|Any CPU
	EndGlobalSection
	GlobalSection(SolutionProperties) = preSolution
		HideSolutionNode = FALSE
	EndGlobalSection
	GlobalSection(ExtensibilityGlobals) = postSolution
		SolutionGuid = {E64361D3-332C-4132-BE7B-1CB8D533D9E7}
	EndGlobalSection
EndGlobal
